
Microsoft Visual Studio Solution File, Format Version 12.00
# Visual Studio Version 16
VisualStudioVersion = 16.0.31205.134
MinimumVisualStudioVersion = 10.0.40219.1
Project("{9A19103F-16F7-4668-BE54-9A1E7A4F7556}") = "Paper", "Paper\Paper.csproj", "{249CA1ED-22DA-413E-A1AE-7776AB760E61}"
EndProject
Project("{9A19103F-16F7-4668-BE54-9A1E7A4F7556}") = "ASC.Models", "ASC.Models\ASC.Models.csproj", "{87377CA8-1141-4BFA-B272-F6B7ABFC99C0}"
EndProject
Project("{9A19103F-16F7-4668-BE54-9A1E7A4F7556}") = "ASC.Utilities", "ASC.Utilities\ASC.Utilities.csproj", "{FDE6653D-C867-4832-9C34-EB43C86009B3}"
EndProject
Project("{9A19103F-16F7-4668-BE54-9A1E7A4F7556}") = "DataAccess", "DataAccess\DataAccess.csproj", "{9B10D92E-28C9-44F0-8471-B118B7F7EBCE}"
EndProject
Project("{9A19103F-16F7-4668-BE54-9A1E7A4F7556}") = "ASC.Business", "ASC.Business\ASC.Business.csproj", "{78F3CB72-83E2-48E2-81C6-46ED4C0297CD}"
EndProject
Global
	GlobalSection(SolutionConfigurationPlatforms) = preSolution
		Debug|Any CPU = Debug|Any CPU
		Release|Any CPU = Release|Any CPU
	EndGlobalSection
	GlobalSection(ProjectConfigurationPlatforms) = postSolution
		{249CA1ED-22DA-413E-A1AE-7776AB760E61}.Debug|Any CPU.ActiveCfg = Debug|Any CPU
		{249CA1ED-22DA-413E-A1AE-7776AB760E61}.Debug|Any CPU.Build.0 = Debug|Any CPU
		{249CA1ED-22DA-413E-A1AE-7776AB760E61}.Release|Any CPU.ActiveCfg = Release|Any CPU
		{249CA1ED-22DA-413E-A1AE-7776AB760E61}.Release|Any CPU.Build.0 = Release|Any CPU
		{87377CA8-1141-4BFA-B272-F6B7ABFC99C0}.Debug|Any CPU.ActiveCfg = Debug|Any CPU
		{87377CA8-1141-4BFA-B272-F6B7ABFC99C0}.Debug|Any CPU.Build.0 = Debug|Any CPU
		{87377CA8-1141-4BFA-B272-F6B7ABFC99C0}.Release|Any CPU.ActiveCfg = Release|Any CPU
		{87377CA8-1141-4BFA-B272-F6B7ABFC99C0}.Release|Any CPU.Build.0 = Release|Any CPU
		{FDE6653D-C867-4832-9C34-EB43C86009B3}.Debug|Any CPU.ActiveCfg = Debug|Any CPU
		{FDE6653D-C867-4832-9C34-EB43C86009B3}.Debug|Any CPU.Build.0 = Debug|Any CPU
		{FDE6653D-C867-4832-9C34-EB43C86009B3}.Release|Any CPU.ActiveCfg = Release|Any CPU
		{FDE6653D-C867-4832-9C34-EB43C86009B3}.Release|Any CPU.Build.0 = Release|Any CPU
		{9B10D92E-28C9-44F0-8471-B118B7F7EBCE}.Debug|Any CPU.ActiveCfg = Debug|Any CPU
		{9B10D92E-28C9-44F0-8471-B118B7F7EBCE}.Debug|Any CPU.Build.0 = Debug|Any CPU
		{9B10D92E-28C9-44F0-8471-B118B7F7EBCE}.Release|Any CPU.ActiveCfg = Release|Any CPU
		{9B10D92E-28C9-44F0-8471-B118B7F7EBCE}.Release|Any CPU.Build.0 = Release|Any CPU
		{78F3CB72-83E2-48E2-81C6-46ED4C0297CD}.Debug|Any CPU.ActiveCfg = Debug|Any CPU
		{78F3CB72-83E2-48E2-81C6-46ED4C0297CD}.Debug|Any CPU.Build.0 = Debug|Any CPU
		{78F3CB72-83E2-48E2-81C6-46ED4C0297CD}.Release|Any CPU.ActiveCfg = Release|Any CPU
		{78F3CB72-83E2-48E2-81C6-46ED4C0297CD}.Release|Any CPU.Build.0 = Release|Any CPU
	EndGlobalSection
	GlobalSection(SolutionProperties) = preSolution
		HideSolutionNode = FALSE
	EndGlobalSection
	GlobalSection(ExtensibilityGlobals) = postSolution
		SolutionGuid = {05E49689-7DEB-44A0-8FB4-E2E21A74964B}
	EndGlobalSection
EndGlobal
